
Microsoft Visual Studio Solution File, Format Version 12.00
# Visual Studio Version 17
VisualStudioVersion = 17.1.32328.378
MinimumVisualStudioVersion = 10.0.40219.1
Project("{FAE04EC0-301F-11D3-BF4B-00C04F79EFBC}") = "EjercicioI08", "EjercicioI08\EjercicioI08.csproj", "{67A3FDA8-06AA-40AD-96A7-F480A2C7A966}"
EndProject
Global
	GlobalSection(SolutionConfigurationPlatforms) = preSolution
		Debug|Any CPU = Debug|Any CPU
		Release|Any CPU = Release|Any CPU
	EndGlobalSection
	GlobalSection(ProjectConfigurationPlatforms) = postSolution
		{67A3FDA8-06AA-40AD-96A7-F480A2C7A966}.Debug|Any CPU.ActiveCfg = Debug|Any CPU
		{67A3FDA8-06AA-40AD-96A7-F480A2C7A966}.Debug|Any CPU.Build.0 = Debug|Any CPU
		{67A3FDA8-06AA-40AD-96A7-F480A2C7A966}.Release|Any CPU.ActiveCfg = Release|Any CPU
		{67A3FDA8-06AA-40AD-96A7-F480A2C7A966}.Release|Any CPU.Build.0 = Release|Any CPU
	EndGlobalSection
	GlobalSection(SolutionProperties) = preSolution
		HideSolutionNode = FALSE
	EndGlobalSection
	GlobalSection(ExtensibilityGlobals) = postSolution
		SolutionGuid = {0A2453C1-2E57-4023-B051-89520B53CB82}
	EndGlobalSection
EndGlobal
